
Microsoft Visual Studio Solution File, Format Version 12.00
# Visual Studio 14
VisualStudioVersion = 14.0.25420.1
MinimumVisualStudioVersion = 10.0.40219.1
Project("{8BC9CEB8-8B4A-11D0-8D11-00A0C91BC942}") = "quake2", "quake2.vcxproj", "{606F0490-15EC-458D-B6C5-03E28362B33C}"
EndProject
Project("{8BC9CEB8-8B4A-11D0-8D11-00A0C91BC942}") = "ref_gl", "ref_gl\ref_gl.vcxproj", "{73F4ECA3-6738-4F08-B109-71B4DCE2A73C}"
EndProject
Project("{8BC9CEB8-8B4A-11D0-8D11-00A0C91BC942}") = "game", "game\game.vcxproj", "{57FB8021-356A-4A3A-BC1D-9B071F7926E4}"
EndProject
Global
	GlobalSection(SolutionConfigurationPlatforms) = preSolution
		Debug|x64 = Debug|x64
		Debug|x86 = Debug|x86
		Release|x64 = Release|x64
		Release|x86 = Release|x86
	EndGlobalSection
	GlobalSection(ProjectConfigurationPlatforms) = postSolution
		{606F0490-15EC-458D-B6C5-03E28362B33C}.Debug|x64.ActiveCfg = Debug|x64
		{606F0490-15EC-458D-B6C5-03E28362B33C}.Debug|x64.Build.0 = Debug|x64
		{606F0490-15EC-458D-B6C5-03E28362B33C}.Debug|x86.ActiveCfg = Debug|Win32
		{606F0490-15EC-458D-B6C5-03E28362B33C}.Debug|x86.Build.0 = Debug|Win32
		{606F0490-15EC-458D-B6C5-03E28362B33C}.Release|x64.ActiveCfg = Release|x64
		{606F0490-15EC-458D-B6C5-03E28362B33C}.Release|x64.Build.0 = Release|x64
		{606F0490-15EC-458D-B6C5-03E28362B33C}.Release|x86.ActiveCfg = Release|Win32
		{606F0490-15EC-458D-B6C5-03E28362B33C}.Release|x86.Build.0 = Release|Win32
		{73F4ECA3-6738-4F08-B109-71B4DCE2A73C}.Debug|x64.ActiveCfg = Debug|x64
		{73F4ECA3-6738-4F08-B109-71B4DCE2A73C}.Debug|x64.Build.0 = Debug|x64
		{73F4ECA3-6738-4F08-B109-71B4DCE2A73C}.Debug|x86.ActiveCfg = Debug|Win32
		{73F4ECA3-6738-4F08-B109-71B4DCE2A73C}.Debug|x86.Build.0 = Debug|Win32
		{73F4ECA3-6738-4F08-B109-71B4DCE2A73C}.Release|x64.ActiveCfg = Release|x64
		{73F4ECA3-6738-4F08-B109-71B4DCE2A73C}.Release|x64.Build.0 = Release|x64
		{73F4ECA3-6738-4F08-B109-71B4DCE2A73C}.Release|x86.ActiveCfg = Release|Win32
		{73F4ECA3-6738-4F08-B109-71B4DCE2A73C}.Release|x86.Build.0 = Release|Win32
		{57FB8021-356A-4A3A-BC1D-9B071F7926E4}.Debug|x64.ActiveCfg = Debug|x64
		{57FB8021-356A-4A3A-BC1D-9B071F7926E4}.Debug|x64.Build.0 = Debug|x64
		{57FB8021-356A-4A3A-BC1D-9B071F7926E4}.Debug|x86.ActiveCfg = Debug|Win32
		{57FB8021-356A-4A3A-BC1D-9B071F7926E4}.Debug|x86.Build.0 = Debug|Win32
		{57FB8021-356A-4A3A-BC1D-9B071F7926E4}.Release|x64.ActiveCfg = Release|x64
		{57FB8021-356A-4A3A-BC1D-9B071F7926E4}.Release|x64.Build.0 = Release|x64
		{57FB8021-356A-4A3A-BC1D-9B071F7926E4}.Release|x86.ActiveCfg = Release|Win32
		{57FB8021-356A-4A3A-BC1D-9B071F7926E4}.Release|x86.Build.0 = Release|Win32
	EndGlobalSection
	GlobalSection(SolutionProperties) = preSolution
		HideSolutionNode = FALSE
	EndGlobalSection
EndGlobal
